{
  "name": "gametests",
  "lockfileVersion": 3,
  "requires": true,
  "packages": {
    "": {
      "dependencies": {
        "@bedrock-oss/bedrock-boost": "^0.0.14",
        "@minecraft/common": "^1.2.0",
        "@minecraft/server": "^1.10.0",
        "@minecraft/server-ui": "^1.1.0",
        "@minecraft/vanilla-data": "^1.20.80"
      }
    },
    "node_modules/@bedrock-oss/bedrock-boost": {
      "version": "0.0.14",
      "resolved": "https://registry.npmjs.org/@bedrock-oss/bedrock-boost/-/bedrock-boost-0.0.14.tgz",
      "integrity": "sha512-voNCr16pdtpAQPKZS/dE2Vm81NCT8qZXu6QuVsgeDs6NuhJXv1xPaQ2+gnSd2gVUluntiiddKlWvCiVDsT/W9A==",
      "dependencies": {
        "@minecraft/common": "latest",
        "@minecraft/server": "beta"
      }
    },
    "node_modules/@minecraft/common": {
      "version": "1.2.0",
      "resolved": "https://registry.npmjs.org/@minecraft/common/-/common-1.2.0.tgz",
      "integrity": "sha512-JdmEq4P3Z/FtoBzhLijFgMSVFnFRrUoLwY8DHHrgtFo0mfLTOLTB1RErYjLMsA6b7BGVNxkX/pfFRiH7QZ0XwQ=="
    },
    "node_modules/@minecraft/server": {
      "version": "1.10.0",
      "resolved": "https://registry.npmjs.org/@minecraft/server/-/server-1.10.0.tgz",
      "integrity": "sha512-liBalm1XKMtf7LPyKZ4VcuwxAbprKcAHnG6b0VUdULezOz/RFj2gqmfyA0qE8azMMa8KVPmnl7hYq4KjoGZmmA==",
      "dependencies": {
        "@minecraft/common": "^1.1.0"
      }
    },
    "node_modules/@minecraft/server-ui": {
      "version": "1.1.0",
      "resolved": "https://registry.npmjs.org/@minecraft/server-ui/-/server-ui-1.1.0.tgz",
      "integrity": "sha512-Gnf+GHjjT4VFoXEt7qjrfDRipDgc93YcXbgTmdPTQ5Og3DIRD003ahH97tGMZmeNdsB+ymvAquf+o2o9W2pDjw==",
      "dependencies": {
        "@minecraft/server": "^1.2.0"
      }
    },
    "node_modules/@minecraft/vanilla-data": {
      "version": "1.20.80",
      "resolved": "https://registry.npmjs.org/@minecraft/vanilla-data/-/vanilla-data-1.20.80.tgz",
      "integrity": "sha512-eQUBaDy1RtZxcu74Gpv4k5uEGzDseB+QruuokXgfcC/dHaZkpD4KCNFSsbDbISBpJ+6BbnidTQLVQai8OCkxpg=="
    }
  }
}
