{
  "name": "gametests",
  "lockfileVersion": 3,
  "requires": true,
  "packages": {
    "": {
      "dependencies": {
        "@bedrock-oss/bedrock-boost": "^0.0.14",
        "@minecraft/common": "^1.2.0",
        "@minecraft/math": "^1.4.0",
        "@minecraft/server": "^1.13.0",
        "@minecraft/server-ui": "^1.2.0",
        "@minecraft/vanilla-data": "^1.21.20"
      }
    },
    "node_modules/@bedrock-oss/bedrock-boost": {
      "version": "0.0.14",
      "resolved": "https://registry.npmjs.org/@bedrock-oss/bedrock-boost/-/bedrock-boost-0.0.14.tgz",
      "integrity": "sha512-voNCr16pdtpAQPKZS/dE2Vm81NCT8qZXu6QuVsgeDs6NuhJXv1xPaQ2+gnSd2gVUluntiiddKlWvCiVDsT/W9A==",
      "license": "MIT",
      "dependencies": {
        "@minecraft/common": "latest",
        "@minecraft/server": "beta"
      }
    },
    "node_modules/@minecraft/common": {
      "version": "1.2.0",
      "resolved": "https://registry.npmjs.org/@minecraft/common/-/common-1.2.0.tgz",
      "integrity": "sha512-JdmEq4P3Z/FtoBzhLijFgMSVFnFRrUoLwY8DHHrgtFo0mfLTOLTB1RErYjLMsA6b7BGVNxkX/pfFRiH7QZ0XwQ=="
    },
    "node_modules/@minecraft/math": {
      "version": "1.4.0",
      "resolved": "https://registry.npmjs.org/@minecraft/math/-/math-1.4.0.tgz",
      "integrity": "sha512-syh24zBVPDIh/Xf+XxuPUUp98rvgcrycPjkNDdwcC7yWSLIGjyaBeaw88a2JsW3e8qoVQfjzTMQhRl5dJ01OkQ==",
      "license": "MIT",
      "peerDependencies": {
        "@minecraft/server": "^1.6.0"
      }
    },
    "node_modules/@minecraft/server": {
      "version": "1.13.0",
      "resolved": "https://registry.npmjs.org/@minecraft/server/-/server-1.13.0.tgz",
      "integrity": "sha512-LYmYRLjZZ5b+AO2GArQorBBo6Ad18ZmdoK2jx7mmo7Jo/gFXLiSq2xEJuLb5WBXTaBg4rBiersQiAbTj3QjNHQ==",
      "license": "MIT",
      "dependencies": {
        "@minecraft/common": "^1.1.0"
      }
    },
    "node_modules/@minecraft/server-ui": {
      "version": "1.2.0",
      "resolved": "https://registry.npmjs.org/@minecraft/server-ui/-/server-ui-1.2.0.tgz",
      "integrity": "sha512-5TNs9mp7jW1nbcybobL0Kmnc4ioOuadp9ys7hHna1lS0rYT0ssC7Ba6bZc+xb7QhIaVsxtt8ChZwOP+paT44ww==",
      "license": "MIT",
      "dependencies": {
        "@minecraft/common": "^1.0.0",
        "@minecraft/server": "^1.2.0"
      }
    },
    "node_modules/@minecraft/vanilla-data": {
      "version": "1.21.20",
      "resolved": "https://registry.npmjs.org/@minecraft/vanilla-data/-/vanilla-data-1.21.20.tgz",
      "integrity": "sha512-4dDfZ4onn8oGAsTpS6KNMjH7mgeRHP9uEJRov9kTxJQCnRZwygp4gZE5qZqC+1p5gvyuM7GBA37IJhNj4rXSzg==",
      "license": "MIT"
    }
  }
}
